{
  "requires": true,
  "lockfileVersion": 1,
  "dependencies": {
    "bootstrap": {
      "version": "4.1.3",
      "resolved": "https://registry.npmjs.org/bootstrap/-/bootstrap-4.1.3.tgz",
      "integrity": "sha512-rDFIzgXcof0jDyjNosjv4Sno77X4KuPeFxG2XZZv1/Kc8DRVGVADdoQyyOVDwPqL36DDmtCQbrpMCqvpPLJQ0w=="
    },
    "bootstrap-validator": {
      "version": "0.11.9",
      "resolved": "https://registry.npmjs.org/bootstrap-validator/-/bootstrap-validator-0.11.9.tgz",
      "integrity": "sha1-+3BY7vU2I+ePWqeWcCb5j4dalAQ="
    }
  }
}
